# This file is autogenerated, do not edit; changes may be undone by the next 'dep ensure'.


[[projects]]
  name = "code.uber.internal/engsec/galileo-go.git"
  packages = [
    ".",
    "internal",
    "internal/atomic",
    "internal/cache",
    "internal/contexthelper",
    "internal/telemetry"
  ]
  revision = "e95f02a6479c83ac9f289fbb86831e281f61fc02"
  sourceUrl = "ssh://gitolite@code.uber.internal/engsec/galileo-go.git"
  version = "v1.11.1"

[[projects]]
  name = "code.uber.internal/engsec/wonka-go.git"
  packages = [
    ".",
    "internal",
    "internal/certhelper",
    "internal/envfx",
    "internal/httprequester",
    "internal/lifecycle",
    "internal/sshhelper",
    "internal/xhttp",
    "wonkacrypter"
  ]
  revision = "2a6dc43c33db5f182c7201e12ca5e616f7963284"
  sourceUrl = "ssh://gitolite@code.uber.internal/engsec/wonka-go.git"
  version = "v1.10.2"

[[projects]]
  name = "code.uber.internal/go/configfx.git"
  packages = [
    ".",
    "internal",
    "internal/err",
    "load"
  ]
  revision = "736c73b23d9b66f35088424c30fe70fa3ffc3e0e"
  sourceUrl = "ssh://gitolite@code.uber.internal/go/configfx.git"
  version = "v1.9.0"

[[projects]]
  name = "code.uber.internal/go/debugfx.git"
  packages = [
    ".",
    "debughandler",
    "debugroute",
    "dot",
    "internal"
  ]
  revision = "cb5af218d152b402b7cdf78ff0e1849f78d448ef"
  sourceUrl = "ssh://gitolite@code.uber.internal/go/debugfx.git"
  version = "v1.6.0"

[[projects]]
  name = "code.uber.internal/go/envfx.git"
  packages = ["."]
  revision = "d42fb8d87ffd7d58265abcb3b72a30cff12b83c3"
  sourceUrl = "ssh://gitolite@code.uber.internal/go/envfx.git"
  version = "v1.7.0"

[[projects]]
  name = "code.uber.internal/go/galileofx.git"
  packages = [
    ".",
    "authmiddleware",
    "galileohttp"
  ]
  revision = "22d4401416702b0cfd2d2228ce91912d8aeb26ad"
  sourceUrl = "ssh://gitolite@code.uber.internal/go/galileofx.git"
  version = "v1.6.1"

[[projects]]
  name = "code.uber.internal/go/health.git"
  packages = [
    ".",
    "internal/google.golang.org/grpc/health/grpc_health_v1",
    "internal/meta",
    "internal/meta/metaclient",
    "internal/meta/metaserver"
  ]
  revision = "572936906d376c2fec64f3db6e8006e14a40787c"
  sourceUrl = "ssh://gitolite@code.uber.internal/go/health.git"
  version = "v1.6.0"

[[projects]]
  name = "code.uber.internal/go/healthfx.git"
  packages = ["."]
  revision = "073ebb6476674c8eece15f23c6448e8f327d6ad7"
  sourceUrl = "ssh://gitolite@code.uber.internal/go/healthfx.git"
  version = "v1.6.0"

[[projects]]
  name = "code.uber.internal/go/httpfx.git"
  packages = ["httpserver"]
  revision = "b155664ae1bb4dfc2dd642cad063b1e99595de9f"
  sourceUrl = "ssh://gitolite@code.uber.internal/go/httpfx.git"
  version = "v2.3.0"

[[projects]]
  name = "code.uber.internal/go/jaegerfx.git"
  packages = [
    ".",
    "jaegerhttp"
  ]
  revision = "e8307694810c69f23d833ee5755d4143c981eb98"
  sourceUrl = "ssh://gitolite@code.uber.internal/go/jaegerfx.git"
  version = "v1.5.4"

[[projects]]
  name = "code.uber.internal/go/maxprocsfx.git"
  packages = ["."]
  revision = "6d6516c01d61ba2ecb3964af7a82480554e32f0f"
  sourceUrl = "ssh://gitolite@code.uber.internal/go/maxprocsfx.git"
  version = "v1.0.0"

[[projects]]
  name = "code.uber.internal/go/netmetricsfx.git"
  packages = ["."]
  revision = "6fbd421a3e725369a5b1d802e9ead8d6ed6d4b15"
  sourceUrl = "ssh://gitolite@code.uber.internal/go/netmetricsfx.git"
  version = "v1.1.0"

[[projects]]
  name = "code.uber.internal/go/retryfx.git"
  packages = [
    ".",
    "internal/config",
    "internal/digester",
    "internal/ioutil",
    "internal/retry"
  ]
  revision = "0dcf5b8229db3656cdb53be1e556e9206333f1ad"
  sourceUrl = "ssh://gitolite@code.uber.internal/go/retryfx.git"
  version = "v1.1.0"

[[projects]]
  name = "code.uber.internal/go/runtimefx.git"
  packages = ["."]
  revision = "b0434a7ee49454e9cd8510282c47fbb8b829de83"
  sourceUrl = "ssh://gitolite@code.uber.internal/go/runtimefx.git"
  version = "v1.0.0"

[[projects]]
  name = "code.uber.internal/go/sentryfx.git"
  packages = [
    ".",
    "packetmodifier"
  ]
  revision = "82a02f857f7784dc9ef52a9edaf6b0dda59af97e"
  sourceUrl = "ssh://gitolite@code.uber.internal/go/sentryfx.git"
  version = "v1.4.0"

[[projects]]
  name = "code.uber.internal/go/servicefx.git"
  packages = ["."]
  revision = "5bbfb4e2e8dd0d537bb17c6b7cdc00d1b33f6cdc"
  sourceUrl = "ssh://gitolite@code.uber.internal/go/servicefx.git"
  version = "v1.3.0"

[[projects]]
  name = "code.uber.internal/go/systemportfx.git"
  packages = ["."]
  revision = "3c0b4bde1f65e74b351744aeefde53cada80a92a"
  sourceUrl = "ssh://gitolite@code.uber.internal/go/systemportfx.git"
  version = "v1.5.1"

[[projects]]
  name = "code.uber.internal/go/tallyfx.git"
  packages = ["."]
  revision = "032a30a9516541ccea5e5fa4081b55263638f5d3"
  sourceUrl = "ssh://gitolite@code.uber.internal/go/tallyfx.git"
  version = "v1.6.0"

[[projects]]
  name = "code.uber.internal/go/uberfx.git"
  packages = ["."]
  revision = "3eab6791e640f76cbe2c10d03e81b9d5a0429d2b"
  sourceUrl = "ssh://gitolite@code.uber.internal/go/uberfx.git"
  version = "v1.2.0"

[[projects]]
  name = "code.uber.internal/go/version.git"
  packages = ["."]
  revision = "cfd32da23f6a8edebb2bab8ba89f35b8a2693aca"
  sourceUrl = "ssh://gitolite@code.uber.internal/go/version.git"
  version = "v1.0.1"

[[projects]]
  name = "code.uber.internal/go/versionfx.git"
  packages = ["."]
  revision = "901a1cfcd0a5a0ea1c07be45042290df309bcee5"
  sourceUrl = "ssh://gitolite@code.uber.internal/go/versionfx.git"
  version = "v1.6.0"

[[projects]]
  name = "code.uber.internal/go/yarpcfx.git"
  packages = [
    ".",
    "internal/configurator",
    "internal/drainmiddleware",
    "internal/protobuf/reflection",
    "internal/protobuf/reflection/grpc_reflection_v1alpha"
  ]
  revision = "725229a2ad9c7b58e74aa1188217e2cbd85d6161"
  sourceUrl = "ssh://gitolite@code.uber.internal/go/yarpcfx.git"
  version = "v1.20.1"

[[projects]]
  name = "code.uber.internal/go/zapfx.git"
  packages = ["."]
  revision = "865063184aceacfc8345dab140649a4dda814b61"
  sourceUrl = "ssh://gitolite@code.uber.internal/go/zapfx.git"
  version = "v1.7.0"

[[projects]]
  name = "github.com/BurntSushi/toml"
  packages = ["."]
  revision = "3012a1dbe2e4bd1391d42b32f0577cb7bbc7f005"
  sourceUrl = "ssh://gitolite@code.uber.internal/github/BurntSushi/toml"
  version = "v0.3.1"

[[projects]]
  name = "github.com/akshayjshah/negotiate"
  packages = [
    ".",
    "internal/httputil",
    "internal/httputil/header"
  ]
  revision = "a28ced3c08ed0b0a1cf11c341376b0e5f2bceeee"
  sourceUrl = "ssh://gitolite@code.uber.internal/github/akshayjshah/negotiate"
  version = "v1.1.3"

[[projects]]
  branch = "master"
  name = "github.com/anmitsu/go-shlex"
  packages = ["."]
  revision = "648efa622239a2f6ff949fed78ee37b48d499ba4"
  sourceUrl = "ssh://gitolite@code.uber.internal/github/anmitsu/go-shlex"

[[projects]]
  name = "github.com/apache/thrift"
  packages = ["lib/go/thrift"]
  revision = "b2a4d4ae21c789b689dd162deb819665567f481c"
  sourceUrl = "ssh://gitolite@code.uber.internal/github/apache/thrift"
  version = "0.10.0"

[[projects]]
  branch = "master"
  name = "github.com/beorn7/perks"
  packages = ["quantile"]
  revision = "3a771d992973f24aa725d07868b467d1ddfceafb"
  sourceUrl = "ssh://gitolite@code.uber.internal/github/beorn7/perks"

[[projects]]
  name = "github.com/certifi/gocertifi"
  packages = ["."]
  revision = "deb3ae2ef2610fde3330947281941c562861188b"
  sourceUrl = "ssh://gitolite@code.uber.internal/github/certifi/gocertifi"
  version = "2018.01.18"

[[projects]]
  branch = "master"
  name = "github.com/codahale/hdrhistogram"
  packages = ["."]
  revision = "3a0bb77429bd3a61596f5e8a3172445844342120"
  sourceUrl = "ssh://gitolite@code.uber.internal/github/codahale/hdrhistogram"

[[projects]]
  name = "github.com/davecgh/go-spew"
  packages = ["spew"]
  revision = "8991bc29aa16c548c550c7ff78260e27b9ab7c73"
  sourceUrl = "ssh://gitolite@code.uber.internal/github/davecgh/go-spew"
  version = "v1.1.1"

[[projects]]
  name = "github.com/fatih/structtag"
  packages = ["."]
  revision = "76ae1d6d2117609598c7d4e8f3e938145f204e8f"
  sourceUrl = "ssh://gitolite@code.uber.internal/github/fatih/structtag"
  version = "v1.0.0"

[[projects]]
  name = "github.com/felixge/httpsnoop"
  packages = ["."]
  revision = "eadd4fad6aac69ae62379194fe0219f3dbc80fd3"
  sourceUrl = "ssh://gitolite@code.uber.internal/github/felixge/httpsnoop"
  version = "v1.0.0"

[[projects]]
  name = "github.com/getsentry/raven-go"
  packages = ["."]
  revision = "f04e7487e9a6b9d9837d52743fb5f40576c56411"
  sourceUrl = "ssh://gitolite@code.uber.internal/github/getsentry/raven-go"
  version = "v0.2.0"

[[projects]]
  name = "github.com/gogo/protobuf"
  packages = [
    "gogoproto",
    "jsonpb",
    "plugin/compare",
    "plugin/defaultcheck",
    "plugin/description",
    "plugin/embedcheck",
    "plugin/enumstringer",
    "plugin/equal",
    "plugin/face",
    "plugin/gostring",
    "plugin/marshalto",
    "plugin/oneofcheck",
    "plugin/populate",
    "plugin/size",
    "plugin/stringer",
    "plugin/testgen",
    "plugin/union",
    "plugin/unmarshal",
    "proto",
    "protoc-gen-gogo/descriptor",
    "protoc-gen-gogo/generator",
    "protoc-gen-gogo/generator/internal/remap",
    "protoc-gen-gogo/grpc",
    "protoc-gen-gogo/plugin",
    "protoc-gen-gogoslick",
    "sortkeys",
    "types",
    "vanity",
    "vanity/command"
  ]
  revision = "ba06b47c162d49f2af050fb4c75bcbc86a159d5c"
  sourceUrl = "ssh://gitolite@code.uber.internal/github/gogo/protobuf"
  version = "v1.2.1"

[[projects]]
  name = "github.com/golang/mock"
  packages = [
    "gomock",
    "mockgen",
    "mockgen/model"
  ]
  revision = "51421b967af1f557f93a59e0057aaf15ca02e29c"
  sourceUrl = "ssh://gitolite@code.uber.internal/github/golang/mock"
  version = "v1.2.0"

[[projects]]
  name = "github.com/golang/protobuf"
  packages = [
    "proto",
    "protoc-gen-go/descriptor",
    "ptypes",
    "ptypes/any",
    "ptypes/duration",
    "ptypes/timestamp"
  ]
  revision = "b5d812f8a3706043e23a9cd5babf2e5423744d30"
  sourceUrl = "ssh://gitolite@code.uber.internal/github/golang/protobuf"
  version = "v1.3.1"

[[projects]]
  name = "github.com/hashicorp/golang-lru"
  packages = [
    ".",
    "simplelru"
  ]
  revision = "7087cb70de9f7a8bc0a10c375cb0d2280a8edf9c"
  sourceUrl = "ssh://gitolite@code.uber.internal/github/hashicorp/golang-lru"
  version = "v0.5.1"

[[projects]]
  name = "github.com/jessevdk/go-flags"
  packages = ["."]
  revision = "c6ca198ec95c841fdb89fc0de7496fed11ab854e"
  sourceUrl = "ssh://gitolite@code.uber.internal/github/jessevdk/go-flags"
  version = "v1.4.0"

[[projects]]
  name = "github.com/kisielk/errcheck"
  packages = [
    ".",
    "internal/errcheck"
  ]
  revision = "e14f8d59a22d460d56c5ee92507cd94c78fbf274"
  sourceUrl = "ssh://gitolite@code.uber.internal/github/kisielk/errcheck"
  version = "v1.2.0"

[[projects]]
  name = "github.com/matttproud/golang_protobuf_extensions"
  packages = ["pbutil"]
  revision = "c12348ce28de40eed0136aa2b644d0ee0650e56c"
  sourceUrl = "ssh://gitolite@code.uber.internal/github/matttproud/golang_protobuf_extensions"
  version = "v1.0.1"

[[projects]]
  name = "github.com/opentracing/opentracing-go"
  packages = [
    ".",
    "ext",
    "log",
    "mocktracer"
  ]
  revision = "1949ddbfd147afd4d964a9f00b24eb291e0e7c38"
  sourceUrl = "ssh://gitolite@code.uber.internal/github/opentracing/opentracing-go"
  version = "v1.0.2"

[[projects]]
  name = "github.com/pkg/errors"
  packages = ["."]
  revision = "ba968bfe8b2f7e042a574c888954fccecfa385b4"
  sourceUrl = "ssh://gitolite@code.uber.internal/github/pkg/errors"
  version = "v0.8.1"

[[projects]]
  name = "github.com/pmezard/go-difflib"
  packages = ["difflib"]
  revision = "792786c7400a136282c1664665ae0a8db921c6c2"
  sourceUrl = "ssh://gitolite@code.uber.internal/github/pmezard/go-difflib"
  version = "v1.0.0"

[[projects]]
  name = "github.com/prometheus/client_golang"
  packages = [
    "prometheus",
    "prometheus/internal",
    "prometheus/promhttp"
  ]
  revision = "505eaef017263e299324067d40ca2c48f6a2cf50"
  sourceUrl = "ssh://gitolite@code.uber.internal/github/prometheus/client_golang"
  version = "v0.9.2"

[[projects]]
  branch = "master"
  name = "github.com/prometheus/client_model"
  packages = ["go"]
  revision = "fd36f4220a901265f90734c3183c5f0c91daa0b8"
  sourceUrl = "ssh://gitolite@code.uber.internal/github/prometheus/client_model"

[[projects]]
  name = "github.com/prometheus/common"
  packages = [
    "expfmt",
    "internal/bitbucket.org/ww/goautoneg",
    "model"
  ]
  revision = "cfeb6f9992ffa54aaa4f2170ade4067ee478b250"
  sourceUrl = "ssh://gitolite@code.uber.internal/github/prometheus/common"
  version = "v0.2.0"

[[projects]]
  branch = "master"
  name = "github.com/prometheus/procfs"
  packages = [
    ".",
    "internal/util",
    "iostats",
    "nfs",
    "xfs"
  ]
  revision = "55ae3d9d557340b5bc24cd8aa5f6fa2c2ab31352"
  sourceUrl = "ssh://gitolite@code.uber.internal/github/prometheus/procfs"

[[projects]]
  branch = "master"
  name = "github.com/samuel/go-thrift"
  packages = ["parser"]
  revision = "e8b6b52668fe9c972220addc130edf46a9b466b1"
  sourceUrl = "ssh://gitolite@code.uber.internal/github/samuel/go-thrift"

[[projects]]
  name = "github.com/shurcooL/sanitized_anchor_name"
  packages = ["."]
  revision = "7bfe4c7ecddb3666a94b053b422cdd8f5aaa3615"
  sourceUrl = "ssh://gitolite@code.uber.internal/github/shurcooL/sanitized_anchor_name"
  version = "v1.0.0"

[[projects]]
  name = "github.com/stretchr/testify"
  packages = [
    "assert",
    "require"
  ]
  revision = "ffdc059bfe9ce6a4e144ba849dbedead332c6053"
  sourceUrl = "ssh://gitolite@code.uber.internal/github/stretchr/testify"
  version = "v1.3.0"

[[projects]]
  name = "github.com/uber-go/atomic"
  packages = ["."]
  revision = "1ea20fb1cbb1cc08cbd0d913a96dead89aa18289"
  sourceUrl = "ssh://gitolite@code.uber.internal/github/uber-go/atomic"
  version = "v1.3.2"

[[projects]]
  name = "github.com/uber-go/mapdecode"
  packages = [
    ".",
    "internal/mapstructure"
  ]
  revision = "718b4994083e432669f44a00174c5f1bcdb1434d"
  sourceUrl = "ssh://gitolite@code.uber.internal/github/uber-go/mapdecode"
  version = "v1.0.0"

[[projects]]
  name = "github.com/uber-go/tally"
  packages = [
    ".",
    "m3",
    "m3/customtransports",
    "m3/thrift",
    "m3/thriftudp"
  ]
  revision = "e9a67ec1839e1f6e5133dbcca2f57bec12fdeda2"
  sourceUrl = "ssh://gitolite@code.uber.internal/github/uber-go/tally"
  version = "v3.3.8"

[[projects]]
  name = "github.com/uber/jaeger-client-go"
  packages = [
    ".",
    "config",
    "internal/baggage",
    "internal/baggage/remote",
    "internal/spanlog",
    "internal/throttler",
    "internal/throttler/remote",
    "log",
    "log/zap",
    "rpcmetrics",
    "thrift",
    "thrift-gen/agent",
    "thrift-gen/baggage",
    "thrift-gen/jaeger",
    "thrift-gen/sampling",
    "thrift-gen/zipkincore",
    "transport",
    "utils"
  ]
  revision = "1a782e2da844727691fef1757c72eb190c2909f0"
  sourceUrl = "ssh://gitolite@code.uber.internal/github/uber/jaeger-client-go"
  version = "v2.15.0"

[[projects]]
  name = "github.com/uber/jaeger-lib"
  packages = [
    "metrics",
    "metrics/tally"
  ]
  revision = "ed3a127ec5fef7ae9ea95b01b542c47fbd999ce5"
  sourceUrl = "ssh://gitolite@code.uber.internal/github/uber/jaeger-lib"
  version = "v1.5.0"

[[projects]]
  name = "github.com/uber/tchannel-go"
  packages = [
    ".",
    "internal/argreader",
    "relay",
    "thrift/thrift-gen",
    "tnet",
    "tos",
    "trand",
    "typed"
  ]
  revision = "162ecb0dc97845a0c42aae3899651dba111085e5"
  sourceUrl = "ssh://gitolite@code.uber.internal/github/uber/tchannel-go"
  version = "v1.12.0"

[[projects]]
  name = "go.uber.org/atomic"
  packages = ["."]
  revision = "1ea20fb1cbb1cc08cbd0d913a96dead89aa18289"
  sourceUrl = "https://github.com/uber-go/atomic"
  version = "v1.3.2"

[[projects]]
  name = "go.uber.org/automaxprocs"
  packages = [
    "internal/cgroups",
    "internal/runtime",
    "maxprocs"
  ]
  revision = "946a8391268aea0a60a86403988ff3ab4b604a83"
  sourceUrl = "https://github.com/uber-go/automaxprocs"
  version = "v1.2.0"

[[projects]]
  name = "go.uber.org/config"
  packages = [
    ".",
    "internal/merge",
    "internal/unreachable"
  ]
  revision = "c9c3d11a88c1a266ced73d92e22e1d36d2bc2ed6"
  sourceUrl = "https://github.com/uber-go/config"
  version = "v1.3.1"

[[projects]]
  name = "go.uber.org/dig"
  packages = [
    ".",
    "internal/digreflect",
    "internal/dot"
  ]
  revision = "7ff117f761a3f1b3eb521945c17a1091438eb6de"
  sourceUrl = "https://github.com/uber-go/dig"
  version = "v1.7.0"

[[projects]]
  name = "go.uber.org/fx"
  packages = [
    ".",
    "fxtest",
    "internal/fxlog",
    "internal/fxreflect",
    "internal/lifecycle"
  ]
  revision = "3de044da969b90ad0a3e4a7867a74662f645f3f9"
  sourceUrl = "https://github.com/uber-go/fx"
  version = "v1.9.0"

[[projects]]
  name = "go.uber.org/multierr"
  packages = ["."]
  revision = "3c4937480c32f4c13a875a1829af76c98ca3d40a"
  sourceUrl = "https://github.com/uber-go/multierr"
  version = "v1.1.0"

[[projects]]
  name = "go.uber.org/net/metrics"
  packages = [
    ".",
    "bucket",
    "push",
    "tallypush"
  ]
  revision = "0327310766f9da183152db859680ae0345c31957"
  sourceUrl = "https://github.com/yarpc/metrics"
  version = "v1.1.0"

[[projects]]
  name = "go.uber.org/thriftrw"
  packages = [
    ".",
    "ast",
    "compile",
    "envelope",
    "gen",
    "idl",
    "idl/internal",
    "internal/concurrent",
    "internal/curry",
    "internal/envelope",
    "internal/envelope/exception",
    "internal/frame",
    "internal/goast",
    "internal/multiplex",
    "internal/plugin",
    "internal/plugin/builtin/pluginapigen",
    "internal/process",
    "internal/semver",
    "plugin",
    "plugin/api",
    "protocol",
    "protocol/binary",
    "ptr",
    "thriftreflect",
    "version",
    "wire"
  ]
  revision = "4302611d78393c965f36d073e911352ed8a4eb73"
  sourceUrl = "https://github.com/thriftrw/thriftrw-go"
  version = "v1.17.0"

[[projects]]
  branch = "master"
  name = "go.uber.org/tools"
  packages = ["update-license"]
  revision = "ce2550dad7144b81ae2f67dc5e55597643f6902b"
  sourceUrl = "https://github.com/uber-go/tools"

[[projects]]
  name = "go.uber.org/yarpc"
  packages = [
    ".",
    "api/backoff",
    "api/encoding",
    "api/middleware",
    "api/peer",
    "api/transport",
    "encoding/protobuf",
    "encoding/protobuf/reflection",
    "encoding/thrift",
    "encoding/thrift/internal",
    "internal",
    "internal/backoff",
    "internal/bufferpool",
    "internal/config",
    "internal/digester",
    "internal/errorsync",
    "internal/humanize",
    "internal/inboundmiddleware",
    "internal/interpolate",
    "internal/introspection",
    "internal/iopool",
    "internal/net",
    "internal/observability",
    "internal/outboundmiddleware",
    "internal/request",
    "internal/yarpcerrors",
    "peer",
    "peer/hostport",
    "peer/peerlist/v2",
    "peer/pendingheap",
    "peer/roundrobin",
    "pkg/encoding",
    "pkg/errors",
    "pkg/lifecycle",
    "pkg/procedure",
    "transport/grpc",
    "transport/http",
    "transport/tchannel",
    "transport/tchannel/internal",
    "yarpcconfig",
    "yarpcerrors"
  ]
  revision = "d7168bf2dc382eb7e5c016992a63bf1a3eac3c7d"
  sourceUrl = "https://github.com/yarpc/yarpc-go"
  version = "v1.37.0"

[[projects]]
  name = "go.uber.org/zap"
  packages = [
    ".",
    "buffer",
    "internal/bufferpool",
    "internal/color",
    "internal/exit",
    "zapcore"
  ]
  revision = "ff33455a0e382e8a81d14dd7c922020b6b5e7982"
  sourceUrl = "https://github.com/uber-go/zap"
  version = "v1.9.1"

[[projects]]
  branch = "master"
  name = "golang.org/x/crypto"
  packages = [
    "curve25519",
    "ed25519",
    "ed25519/internal/edwards25519",
    "internal/chacha20",
    "internal/subtle",
    "poly1305",
    "ssh",
    "ssh/agent",
    "ssh/knownhosts"
  ]
  revision = "b7391e95e576cacdcdd422573063bc057239113d"
  sourceUrl = "ssh://gitolite@code.uber.internal/googlesource/crypto"

[[projects]]
  branch = "master"
  name = "golang.org/x/lint"
  packages = [
    ".",
    "golint"
  ]
  revision = "d0100b6bd8b389f0385611eb39152c4d7c3a7905"
  sourceUrl = "ssh://gitolite@code.uber.internal/googlesource/lint"

[[projects]]
  branch = "master"
  name = "golang.org/x/net"
  packages = [
    "bpf",
    "context",
    "http/httpguts",
    "http2",
    "http2/hpack",
    "idna",
    "internal/iana",
    "internal/socket",
    "internal/timeseries",
    "ipv4",
    "ipv6",
    "trace"
  ]
  revision = "addf6b3196f61cd44ce5a76657913698c73479d0"
  source = "golang.org/x/net"
  sourceUrl = "ssh://gitolite@code.uber.internal/googlesource/net"

[[projects]]
  branch = "master"
  name = "golang.org/x/sys"
  packages = [
    "cpu",
    "unix"
  ]
  revision = "f49334f85ddcf0f08d7fb6dd7363e9e6d6b777eb"
  source = "golang.org/x/sys"
  sourceUrl = "ssh://gitolite@code.uber.internal/googlesource/sys"

[[projects]]
  name = "golang.org/x/text"
  packages = [
    "collate",
    "collate/build",
    "internal/colltab",
    "internal/gen",
    "internal/tag",
    "internal/triegen",
    "internal/ucd",
    "language",
    "secure/bidirule",
    "transform",
    "unicode/bidi",
    "unicode/cldr",
    "unicode/norm",
    "unicode/rangetable"
  ]
  revision = "f21a4dfb5e38f5895301dc265a8def02365cc3d0"
  sourceUrl = "ssh://gitolite@code.uber.internal/googlesource/text"
  version = "v0.3.0"

[[projects]]
  branch = "master"
  name = "golang.org/x/tools"
  packages = [
    "cmd/stringer",
    "go/ast/astutil",
    "go/buildutil",
    "go/gcexportdata",
    "go/internal/cgo",
    "go/internal/gcimporter",
    "go/internal/packagesdriver",
    "go/loader",
    "go/packages",
    "go/types/typeutil",
    "internal/fastwalk",
    "internal/gopathwalk",
    "internal/semver"
  ]
  revision = "c1a832b0ad89ed14aba1b0a13a0733e291a7c7fc"
  source = "golang.org/x/tools"
  sourceUrl = "ssh://gitolite@code.uber.internal/googlesource/tools"

[[projects]]
  branch = "master"
  name = "google.golang.org/genproto"
  packages = ["googleapis/rpc/status"]
  revision = "e79c0c59cdb5e117ef82a6f885294df3d74065d5"
  sourceUrl = "https://github.com/google/go-genproto"

[[projects]]
  name = "google.golang.org/grpc"
  packages = [
    ".",
    "balancer",
    "balancer/base",
    "balancer/roundrobin",
    "binarylog/grpc_binarylog_v1",
    "codes",
    "connectivity",
    "credentials",
    "credentials/internal",
    "encoding",
    "encoding/proto",
    "grpclog",
    "internal",
    "internal/backoff",
    "internal/binarylog",
    "internal/channelz",
    "internal/envconfig",
    "internal/grpcrand",
    "internal/grpcsync",
    "internal/syscall",
    "internal/transport",
    "keepalive",
    "metadata",
    "naming",
    "peer",
    "resolver",
    "resolver/dns",
    "resolver/passthrough",
    "stats",
    "status",
    "tap"
  ]
  revision = "3507fb8e1a5ad030303c106fef3a47c9fdad16ad"
  sourceUrl = "https://github.com/grpc/grpc-go"
  version = "v1.19.1"

[[projects]]
  name = "gopkg.in/russross/blackfriday.v2"
  packages = ["."]
  revision = "d3b5b032dc8e8927d31a5071b56e14c89f045135"
  sourceUrl = "https://gopkg.in/russross/blackfriday.v2"
  version = "v2.0.1"

[[projects]]
  name = "gopkg.in/yaml.v2"
  packages = ["."]
  revision = "51d6538a90f86fe93ac480b35f37b2be17fef232"
  sourceUrl = "https://gopkg.in/yaml.v2"
  version = "v2.2.2"

[[projects]]
  name = "honnef.co/go/tools"
  packages = [
    "arg",
    "callgraph",
    "callgraph/static",
    "cmd/staticcheck",
    "config",
    "deprecated",
    "functions",
    "internal/sharedcheck",
    "lint",
    "lint/lintdsl",
    "lint/lintutil",
    "lint/lintutil/format",
    "simple",
    "ssa",
    "ssa/ssautil",
    "ssautil",
    "staticcheck",
    "staticcheck/vrp",
    "stylecheck",
    "unused",
    "version"
  ]
  revision = "95959eaf5e3c41c66151dcfd91779616b84077a8"
  sourceUrl = "ssh://gitolite@code.uber.internal/github/dominikh/go-tools"
  version = "2019.1.1"

[solve-meta]
  analyzer-name = "dep"
  analyzer-version = 1
  dep-version = "v1.5.0-UBER"
  inputs-digest = "10818251a5c7754d995a7124c1828eef8b6828b401450482b3f5c6824f583791"
  solver-name = "gps-cdcl"
  solver-version = 1
